{
  "version": 4,
  "terraform_version": "1.15.8",
  "serial": 56,
  "lineage": "69d75aa9-ec3f-0353-5180-098628fa82ad",
  "outputs": {
    "android_signing_service_account": {
      "value": "fairwins-android-signing@chippr-bots-site-wp.iam.gserviceaccount.com",
      "type": "string"
    },
    "run_noperm_service_account": {
      "value": "fairwins-run-noperm@chippr-bots-site-wp.iam.gserviceaccount.com",
      "type": "string"
    },
    "state_bucket": {
      "value": "fairwins-tfstate-chippr-bots-site-wp",
      "type": "string"
    },
    "tf_apply_service_account": {
      "value": "fairwins-tf-apply@chippr-bots-site-wp.iam.gserviceaccount.com",
      "type": "string"
    },
    "tf_plan_service_account": {
      "value": "fairwins-tf-plan@chippr-bots-site-wp.iam.gserviceaccount.com",
      "type": "string"
    },
    "workload_identity_provider": {
      "value": "projects/266380754692/locations/global/workloadIdentityPools/github-actions/providers/github-oidc",
      "type": "string"
    }
  },
  "resources": [
    {
      "mode": "managed",
      "type": "google_artifact_registry_repository_iam_member",
      "name": "tf_apply",
      "provider": "provider[\"registry.terraform.io/hashicorp/google\"]",
      "instances": [
        {
          "schema_version": 0,
          "attributes": {
            "condition": [],
            "etag": "BwZZGil9hA0=",
            "id": "projects/chippr-bots-site-wp/locations/us-central1/repositories/cloud-run-source-deploy/roles/artifactregistry.admin/serviceAccount:fairwins-tf-apply@chippr-bots-site-wp.iam.gserviceaccount.com",
            "location": "us-central1",
            "member": "serviceAccount:fairwins-tf-apply@chippr-bots-site-wp.iam.gserviceaccount.com",
            "project": "chippr-bots-site-wp",
            "repository": "projects/chippr-bots-site-wp/locations/us-central1/repositories/cloud-run-source-deploy",
            "role": "roles/artifactregistry.admin"
          },
          "sensitive_attributes": [],
          "identity_schema_version": 1,
          "identity": {
            "condition_title": null,
            "location": "us-central1",
            "member": "serviceAccount:fairwins-tf-apply@chippr-bots-site-wp.iam.gserviceaccount.com",
            "project": "chippr-bots-site-wp",
            "repository": "projects/chippr-bots-site-wp/locations/us-central1/repositories/cloud-run-source-deploy",
            "role": "roles/artifactregistry.admin"
          },
          "private": "bnVsbA==",
          "dependencies": [
            "google_service_account.tf_apply"
          ]
        }
      ]
    },
    {
      "mode": "managed",
      "type": "google_iam_workload_identity_pool",
      "name": "github",
      "provider": "provider[\"registry.terraform.io/hashicorp/google\"]",
      "instances": [
        {
          "schema_version": 0,
          "attributes": {
            "attestation_rules": [],
            "deletion_policy": "DELETE",
            "description": "OIDC federation for chippr-robotics CI (spec 087)",
            "disabled": false,
            "display_name": "GitHub Actions",
            "id": "projects/chippr-bots-site-wp/locations/global/workloadIdentityPools/github-actions",
            "inline_certificate_issuance_config": [],
            "inline_trust_config": [],
            "mode": "",
            "name": "projects/266380754692/locations/global/workloadIdentityPools/github-actions",
            "project": "chippr-bots-site-wp",
            "state": "ACTIVE",
            "timeouts": null,
            "workload_identity_pool_id": "github-actions"
          },
          "sensitive_attributes": [],
          "identity_schema_version": 1,
          "identity": {
            "project": "chippr-bots-site-wp",
            "workload_identity_pool_id": "github-actions"
          },
          "private": "eyJlMmJmYjczMC1lY2FhLTExZTYtOGY4OC0zNDM2M2JjN2M0YzAiOnsiY3JlYXRlIjoxMjAwMDAwMDAwMDAwLCJkZWxldGUiOjEyMDAwMDAwMDAwMDAsInVwZGF0ZSI6MTIwMDAwMDAwMDAwMH19"
        }
      ]
    },
    {
      "mode": "managed",
      "type": "google_iam_workload_identity_pool_provider",
      "name": "github",
      "provider": "provider[\"registry.terraform.io/hashicorp/google\"]",
      "instances": [
        {
          "schema_version": 0,
          "attributes": {
            "attribute_condition": "assertion.repository == \"chippr-robotics/prediction-dao-research\"",
            "attribute_mapping": {
              "attribute.ref": "assertion.ref",
              "attribute.repository": "assertion.repository",
              "google.subject": "assertion.sub"
            },
            "aws": [],
            "deletion_policy": "DELETE",
            "description": "",
            "disabled": false,
            "display_name": "GitHub OIDC",
            "id": "projects/chippr-bots-site-wp/locations/global/workloadIdentityPools/github-actions/providers/github-oidc",
            "name": "projects/266380754692/locations/global/workloadIdentityPools/github-actions/providers/github-oidc",
            "oidc": [
              {
                "allowed_audiences": [],
                "issuer_uri": "https://token.actions.githubusercontent.com",
                "jwks_json": ""
              }
            ],
            "project": "chippr-bots-site-wp",
            "saml": [],
            "state": "ACTIVE",
            "timeouts": null,
            "workload_identity_pool_id": "github-actions",
            "workload_identity_pool_provider_id": "github-oidc",
            "x509": []
          },
          "sensitive_attributes": [],
          "identity_schema_version": 1,
          "identity": {
            "project": "chippr-bots-site-wp",
            "workload_identity_pool_id": "github-actions",
            "workload_identity_pool_provider_id": "github-oidc"
          },
          "private": "eyJlMmJmYjczMC1lY2FhLTExZTYtOGY4OC0zNDM2M2JjN2M0YzAiOnsiY3JlYXRlIjoxMjAwMDAwMDAwMDAwLCJkZWxldGUiOjEyMDAwMDAwMDAwMDAsInVwZGF0ZSI6MTIwMDAwMDAwMDAwMH19",
          "dependencies": [
            "google_iam_workload_identity_pool.github"
          ]
        }
      ]
    },
    {
      "mode": "managed",
      "type": "google_project_iam_custom_role",
      "name": "tf_bq_dataset_access",
      "provider": "provider[\"registry.terraform.io/hashicorp/google\"]",
      "instances": [
        {
          "schema_version": 0,
          "attributes": {
            "deleted": false,
            "deletion_policy": "DELETE",
            "description": "Read and update dataset metadata/access lists for declared dataset IAM members. Spec 097.",
            "id": "projects/chippr-bots-site-wp/roles/fairwins.tfBqDatasetAccess",
            "name": "projects/chippr-bots-site-wp/roles/fairwins.tfBqDatasetAccess",
            "permissions": [
              "bigquery.datasets.get",
              "bigquery.datasets.update"
            ],
            "project": "chippr-bots-site-wp",
            "role_id": "fairwins.tfBqDatasetAccess",
            "stage": "GA",
            "title": "FairWins Terraform BigQuery dataset access editor"
          },
          "sensitive_attributes": [],
          "identity_schema_version": 1,
          "identity": {
            "project": "chippr-bots-site-wp",
            "role_id": "fairwins.tfBqDatasetAccess"
          },
          "private": "eyJzY2hlbWFfdmVyc2lvbiI6IjAifQ=="
        }
      ]
    },
    {
      "mode": "managed",
      "type": "google_project_iam_custom_role",
      "name": "tf_project_iam_reader",
      "provider": "provider[\"registry.terraform.io/hashicorp/google\"]",
      "instances": [
        {
          "schema_version": 0,
          "attributes": {
            "deleted": false,
            "deletion_policy": "DELETE",
            "description": "Read-only: resourcemanager.projects.getIamPolicy. Lets additive IAM-member resources detect an already-satisfied grant without needing write access. Spec 097.",
            "id": "projects/chippr-bots-site-wp/roles/fairwins.tfProjectIamReader",
            "name": "projects/chippr-bots-site-wp/roles/fairwins.tfProjectIamReader",
            "permissions": [
              "resourcemanager.projects.getIamPolicy"
            ],
            "project": "chippr-bots-site-wp",
            "role_id": "fairwins.tfProjectIamReader",
            "stage": "GA",
            "title": "FairWins Terraform project IAM policy reader"
          },
          "sensitive_attributes": [],
          "identity_schema_version": 1,
          "identity": {
            "project": "chippr-bots-site-wp",
            "role_id": "fairwins.tfProjectIamReader"
          },
          "private": "bnVsbA=="
        }
      ]
    },
    {
      "mode": "managed",
      "type": "google_project_iam_custom_role",
      "name": "tf_secret_container_manager",
      "provider": "provider[\"registry.terraform.io/hashicorp/google\"]",
      "instances": [
        {
          "schema_version": 0,
          "attributes": {
            "deleted": false,
            "deletion_policy": "DELETE",
            "description": "Create/read/update secret containers and their IAM. No version access — cannot read payloads. Spec 097.",
            "id": "projects/chippr-bots-site-wp/roles/fairwins.tfSecretContainerManager",
            "name": "projects/chippr-bots-site-wp/roles/fairwins.tfSecretContainerManager",
            "permissions": [
              "secretmanager.secrets.create",
              "secretmanager.secrets.get",
              "secretmanager.secrets.getIamPolicy",
              "secretmanager.secrets.list",
              "secretmanager.secrets.setIamPolicy",
              "secretmanager.secrets.update"
            ],
            "project": "chippr-bots-site-wp",
            "role_id": "fairwins.tfSecretContainerManager",
            "stage": "GA",
            "title": "FairWins Terraform secret-container manager"
          },
          "sensitive_attributes": [],
          "identity_schema_version": 1,
          "identity": {
            "project": "chippr-bots-site-wp",
            "role_id": "fairwins.tfSecretContainerManager"
          },
          "private": "eyJzY2hlbWFfdmVyc2lvbiI6IjAifQ=="
        }
      ]
    },
    {
      "mode": "managed",
      "type": "google_project_iam_custom_role",
      "name": "tf_service_account_manager",
      "provider": "provider[\"registry.terraform.io/hashicorp/google\"]",
      "instances": [
        {
          "schema_version": 0,
          "attributes": {
            "deleted": false,
            "deletion_policy": "DELETE",
            "description": "Create/read/update service accounts and set their IAM. No delete, no key creation. Spec 085.",
            "id": "projects/chippr-bots-site-wp/roles/fairwins.tfServiceAccountManager",
            "name": "projects/chippr-bots-site-wp/roles/fairwins.tfServiceAccountManager",
            "permissions": [
              "iam.serviceAccounts.create",
              "iam.serviceAccounts.get",
              "iam.serviceAccounts.getIamPolicy",
              "iam.serviceAccounts.list",
              "iam.serviceAccounts.setIamPolicy",
              "iam.serviceAccounts.update"
            ],
            "project": "chippr-bots-site-wp",
            "role_id": "fairwins.tfServiceAccountManager",
            "stage": "GA",
            "title": "FairWins Terraform service account manager"
          },
          "sensitive_attributes": [],
          "identity_schema_version": 1,
          "identity": {
            "project": "chippr-bots-site-wp",
            "role_id": "fairwins.tfServiceAccountManager"
          },
          "private": "bnVsbA=="
        }
      ]
    },
    {
      "mode": "managed",
      "type": "google_project_iam_member",
      "name": "tf_apply",
      "provider": "provider[\"registry.terraform.io/hashicorp/google\"]",
      "instances": [
        {
          "index_key": "roles/compute.instanceAdmin.v1",
          "schema_version": 0,
          "attributes": {
            "condition": [],
            "etag": "BwZaGu8oK/s=",
            "id": "chippr-bots-site-wp/roles/compute.instanceAdmin.v1/serviceAccount:fairwins-tf-apply@chippr-bots-site-wp.iam.gserviceaccount.com",
            "member": "serviceAccount:fairwins-tf-apply@chippr-bots-site-wp.iam.gserviceaccount.com",
            "project": "chippr-bots-site-wp",
            "role": "roles/compute.instanceAdmin.v1"
          },
          "sensitive_attributes": [],
          "identity_schema_version": 1,
          "identity": {
            "condition_title": null,
            "member": "serviceAccount:fairwins-tf-apply@chippr-bots-site-wp.iam.gserviceaccount.com",
            "project": "chippr-bots-site-wp",
            "role": "roles/compute.instanceAdmin.v1"
          },
          "private": "bnVsbA==",
          "dependencies": [
            "google_service_account.tf_apply"
          ]
        },
        {
          "index_key": "roles/compute.networkAdmin",
          "schema_version": 0,
          "attributes": {
            "condition": [],
            "etag": "BwZaGu8oK/s=",
            "id": "chippr-bots-site-wp/roles/compute.networkAdmin/serviceAccount:fairwins-tf-apply@chippr-bots-site-wp.iam.gserviceaccount.com",
            "member": "serviceAccount:fairwins-tf-apply@chippr-bots-site-wp.iam.gserviceaccount.com",
            "project": "chippr-bots-site-wp",
            "role": "roles/compute.networkAdmin"
          },
          "sensitive_attributes": [],
          "identity_schema_version": 1,
          "identity": {
            "condition_title": null,
            "member": "serviceAccount:fairwins-tf-apply@chippr-bots-site-wp.iam.gserviceaccount.com",
            "project": "chippr-bots-site-wp",
            "role": "roles/compute.networkAdmin"
          },
          "private": "bnVsbA==",
          "dependencies": [
            "google_service_account.tf_apply"
          ]
        },
        {
          "index_key": "roles/logging.configWriter",
          "schema_version": 0,
          "attributes": {
            "condition": [],
            "etag": "BwZaGu8oK/s=",
            "id": "chippr-bots-site-wp/roles/logging.configWriter/serviceAccount:fairwins-tf-apply@chippr-bots-site-wp.iam.gserviceaccount.com",
            "member": "serviceAccount:fairwins-tf-apply@chippr-bots-site-wp.iam.gserviceaccount.com",
            "project": "chippr-bots-site-wp",
            "role": "roles/logging.configWriter"
          },
          "sensitive_attributes": [],
          "identity_schema_version": 1,
          "identity": {
            "condition_title": null,
            "member": "serviceAccount:fairwins-tf-apply@chippr-bots-site-wp.iam.gserviceaccount.com",
            "project": "chippr-bots-site-wp",
            "role": "roles/logging.configWriter"
          },
          "private": "bnVsbA==",
          "dependencies": [
            "google_service_account.tf_apply"
          ]
        },
        {
          "index_key": "roles/monitoring.editor",
          "schema_version": 0,
          "attributes": {
            "condition": [],
            "etag": "BwZaGu8oK/s=",
            "id": "chippr-bots-site-wp/roles/monitoring.editor/serviceAccount:fairwins-tf-apply@chippr-bots-site-wp.iam.gserviceaccount.com",
            "member": "serviceAccount:fairwins-tf-apply@chippr-bots-site-wp.iam.gserviceaccount.com",
            "project": "chippr-bots-site-wp",
            "role": "roles/monitoring.editor"
          },
          "sensitive_attributes": [],
          "identity_schema_version": 1,
          "identity": {
            "condition_title": null,
            "member": "serviceAccount:fairwins-tf-apply@chippr-bots-site-wp.iam.gserviceaccount.com",
            "project": "chippr-bots-site-wp",
            "role": "roles/monitoring.editor"
          },
          "private": "bnVsbA==",
          "dependencies": [
            "google_service_account.tf_apply"
          ]
        },
        {
          "index_key": "roles/run.admin",
          "schema_version": 0,
          "attributes": {
            "condition": [],
            "etag": "BwZaGu8oK/s=",
            "id": "chippr-bots-site-wp/roles/run.admin/serviceAccount:fairwins-tf-apply@chippr-bots-site-wp.iam.gserviceaccount.com",
            "member": "serviceAccount:fairwins-tf-apply@chippr-bots-site-wp.iam.gserviceaccount.com",
            "project": "chippr-bots-site-wp",
            "role": "roles/run.admin"
          },
          "sensitive_attributes": [],
          "identity_schema_version": 1,
          "identity": {
            "condition_title": null,
            "member": "serviceAccount:fairwins-tf-apply@chippr-bots-site-wp.iam.gserviceaccount.com",
            "project": "chippr-bots-site-wp",
            "role": "roles/run.admin"
          },
          "private": "bnVsbA==",
          "dependencies": [
            "google_service_account.tf_apply"
          ]
        }
      ]
    },
    {
      "mode": "managed",
      "type": "google_project_iam_member",
      "name": "tf_apply_bq_dataset_access",
      "provider": "provider[\"registry.terraform.io/hashicorp/google\"]",
      "instances": [
        {
          "schema_version": 0,
          "attributes": {
            "condition": [],
            "etag": "BwZaGu8oK/s=",
            "id": "chippr-bots-site-wp/projects/chippr-bots-site-wp/roles/fairwins.tfBqDatasetAccess/serviceAccount:fairwins-tf-apply@chippr-bots-site-wp.iam.gserviceaccount.com",
            "member": "serviceAccount:fairwins-tf-apply@chippr-bots-site-wp.iam.gserviceaccount.com",
            "project": "chippr-bots-site-wp",
            "role": "projects/chippr-bots-site-wp/roles/fairwins.tfBqDatasetAccess"
          },
          "sensitive_attributes": [],
          "identity_schema_version": 1,
          "identity": {
            "condition_title": null,
            "member": "serviceAccount:fairwins-tf-apply@chippr-bots-site-wp.iam.gserviceaccount.com",
            "project": "chippr-bots-site-wp",
            "role": "projects/chippr-bots-site-wp/roles/fairwins.tfBqDatasetAccess"
          },
          "private": "eyJzY2hlbWFfdmVyc2lvbiI6IjAifQ==",
          "dependencies": [
            "google_project_iam_custom_role.tf_bq_dataset_access",
            "google_service_account.tf_apply"
          ]
        }
      ]
    },
    {
      "mode": "managed",
      "type": "google_project_iam_member",
      "name": "tf_apply_project_iam_reader",
      "provider": "provider[\"registry.terraform.io/hashicorp/google\"]",
      "instances": [
        {
          "schema_version": 0,
          "attributes": {
            "condition": [],
            "etag": "BwZaGu8oK/s=",
            "id": "chippr-bots-site-wp/projects/chippr-bots-site-wp/roles/fairwins.tfProjectIamReader/serviceAccount:fairwins-tf-apply@chippr-bots-site-wp.iam.gserviceaccount.com",
            "member": "serviceAccount:fairwins-tf-apply@chippr-bots-site-wp.iam.gserviceaccount.com",
            "project": "chippr-bots-site-wp",
            "role": "projects/chippr-bots-site-wp/roles/fairwins.tfProjectIamReader"
          },
          "sensitive_attributes": [],
          "identity_schema_version": 1,
          "identity": {
            "condition_title": null,
            "member": "serviceAccount:fairwins-tf-apply@chippr-bots-site-wp.iam.gserviceaccount.com",
            "project": "chippr-bots-site-wp",
            "role": "projects/chippr-bots-site-wp/roles/fairwins.tfProjectIamReader"
          },
          "private": "bnVsbA==",
          "dependencies": [
            "google_project_iam_custom_role.tf_project_iam_reader",
            "google_service_account.tf_apply"
          ]
        }
      ]
    },
    {
      "mode": "managed",
      "type": "google_project_iam_member",
      "name": "tf_apply_sa_manager",
      "provider": "provider[\"registry.terraform.io/hashicorp/google\"]",
      "instances": [
        {
          "schema_version": 0,
          "attributes": {
            "condition": [],
            "etag": "BwZaGu8oK/s=",
            "id": "chippr-bots-site-wp/projects/chippr-bots-site-wp/roles/fairwins.tfServiceAccountManager/serviceAccount:fairwins-tf-apply@chippr-bots-site-wp.iam.gserviceaccount.com",
            "member": "serviceAccount:fairwins-tf-apply@chippr-bots-site-wp.iam.gserviceaccount.com",
            "project": "chippr-bots-site-wp",
            "role": "projects/chippr-bots-site-wp/roles/fairwins.tfServiceAccountManager"
          },
          "sensitive_attributes": [],
          "identity_schema_version": 1,
          "identity": {
            "condition_title": null,
            "member": "serviceAccount:fairwins-tf-apply@chippr-bots-site-wp.iam.gserviceaccount.com",
            "project": "chippr-bots-site-wp",
            "role": "projects/chippr-bots-site-wp/roles/fairwins.tfServiceAccountManager"
          },
          "private": "bnVsbA==",
          "dependencies": [
            "google_project_iam_custom_role.tf_service_account_manager",
            "google_service_account.tf_apply"
          ]
        }
      ]
    },
    {
      "mode": "managed",
      "type": "google_project_iam_member",
      "name": "tf_apply_secret_containers",
      "provider": "provider[\"registry.terraform.io/hashicorp/google\"]",
      "instances": [
        {
          "schema_version": 0,
          "attributes": {
            "condition": [],
            "etag": "BwZaGu8oK/s=",
            "id": "chippr-bots-site-wp/projects/chippr-bots-site-wp/roles/fairwins.tfSecretContainerManager/serviceAccount:fairwins-tf-apply@chippr-bots-site-wp.iam.gserviceaccount.com",
            "member": "serviceAccount:fairwins-tf-apply@chippr-bots-site-wp.iam.gserviceaccount.com",
            "project": "chippr-bots-site-wp",
            "role": "projects/chippr-bots-site-wp/roles/fairwins.tfSecretContainerManager"
          },
          "sensitive_attributes": [],
          "identity_schema_version": 1,
          "identity": {
            "condition_title": null,
            "member": "serviceAccount:fairwins-tf-apply@chippr-bots-site-wp.iam.gserviceaccount.com",
            "project": "chippr-bots-site-wp",
            "role": "projects/chippr-bots-site-wp/roles/fairwins.tfSecretContainerManager"
          },
          "private": "eyJzY2hlbWFfdmVyc2lvbiI6IjAifQ==",
          "dependencies": [
            "google_project_iam_custom_role.tf_secret_container_manager",
            "google_service_account.tf_apply"
          ]
        }
      ]
    },
    {
      "mode": "managed",
      "type": "google_project_iam_member",
      "name": "tf_plan_viewer",
      "provider": "provider[\"registry.terraform.io/hashicorp/google\"]",
      "instances": [
        {
          "schema_version": 0,
          "attributes": {
            "condition": [],
            "etag": "BwZaGu8oK/s=",
            "id": "chippr-bots-site-wp/roles/viewer/serviceAccount:fairwins-tf-plan@chippr-bots-site-wp.iam.gserviceaccount.com",
            "member": "serviceAccount:fairwins-tf-plan@chippr-bots-site-wp.iam.gserviceaccount.com",
            "project": "chippr-bots-site-wp",
            "role": "roles/viewer"
          },
          "sensitive_attributes": [],
          "identity_schema_version": 1,
          "identity": {
            "condition_title": null,
            "member": "serviceAccount:fairwins-tf-plan@chippr-bots-site-wp.iam.gserviceaccount.com",
            "project": "chippr-bots-site-wp",
            "role": "roles/viewer"
          },
          "private": "bnVsbA==",
          "dependencies": [
            "google_service_account.tf_plan"
          ]
        }
      ]
    },
    {
      "mode": "managed",
      "type": "google_secret_manager_secret_iam_member",
      "name": "tf_apply",
      "provider": "provider[\"registry.terraform.io/hashicorp/google\"]",
      "instances": [
        {
          "index_key": "alto-executor-key-137",
          "schema_version": 0,
          "attributes": {
            "condition": [],
            "etag": "BwZZGim5lGs=",
            "id": "projects/chippr-bots-site-wp/secrets/alto-executor-key-137/roles/secretmanager.admin/serviceAccount:fairwins-tf-apply@chippr-bots-site-wp.iam.gserviceaccount.com",
            "member": "serviceAccount:fairwins-tf-apply@chippr-bots-site-wp.iam.gserviceaccount.com",
            "project": "chippr-bots-site-wp",
            "role": "roles/secretmanager.admin",
            "secret_id": "projects/chippr-bots-site-wp/secrets/alto-executor-key-137"
          },
          "sensitive_attributes": [],
          "identity_schema_version": 1,
          "identity": {
            "condition_title": null,
            "member": "serviceAccount:fairwins-tf-apply@chippr-bots-site-wp.iam.gserviceaccount.com",
            "project": "chippr-bots-site-wp",
            "role": "roles/secretmanager.admin",
            "secret_id": "projects/chippr-bots-site-wp/secrets/alto-executor-key-137"
          },
          "private": "bnVsbA==",
          "dependencies": [
            "google_service_account.tf_apply"
          ]
        },
        {
          "index_key": "fairwins-creator-key",
          "schema_version": 0,
          "attributes": {
            "condition": [],
            "etag": "BwZZGirSMFc=",
            "id": "projects/chippr-bots-site-wp/secrets/fairwins-creator-key/roles/secretmanager.admin/serviceAccount:fairwins-tf-apply@chippr-bots-site-wp.iam.gserviceaccount.com",
            "member": "serviceAccount:fairwins-tf-apply@chippr-bots-site-wp.iam.gserviceaccount.com",
            "project": "chippr-bots-site-wp",
            "role": "roles/secretmanager.admin",
            "secret_id": "projects/chippr-bots-site-wp/secrets/fairwins-creator-key"
          },
          "sensitive_attributes": [],
          "identity_schema_version": 1,
          "identity": {
            "condition_title": null,
            "member": "serviceAccount:fairwins-tf-apply@chippr-bots-site-wp.iam.gserviceaccount.com",
            "project": "chippr-bots-site-wp",
            "role": "roles/secretmanager.admin",
            "secret_id": "projects/chippr-bots-site-wp/secrets/fairwins-creator-key"
          },
          "private": "bnVsbA==",
          "dependencies": [
            "google_service_account.tf_apply"
          ]
        },
        {
          "index_key": "fairwins-deployer-key",
          "schema_version": 0,
          "attributes": {
            "condition": [],
            "etag": "BwZZGiqNDPY=",
            "id": "projects/chippr-bots-site-wp/secrets/fairwins-deployer-key/roles/secretmanager.admin/serviceAccount:fairwins-tf-apply@chippr-bots-site-wp.iam.gserviceaccount.com",
            "member": "serviceAccount:fairwins-tf-apply@chippr-bots-site-wp.iam.gserviceaccount.com",
            "project": "chippr-bots-site-wp",
            "role": "roles/secretmanager.admin",
            "secret_id": "projects/chippr-bots-site-wp/secrets/fairwins-deployer-key"
          },
          "sensitive_attributes": [],
          "identity_schema_version": 1,
          "identity": {
            "condition_title": null,
            "member": "serviceAccount:fairwins-tf-apply@chippr-bots-site-wp.iam.gserviceaccount.com",
            "project": "chippr-bots-site-wp",
            "role": "roles/secretmanager.admin",
            "secret_id": "projects/chippr-bots-site-wp/secrets/fairwins-deployer-key"
          },
          "private": "bnVsbA==",
          "dependencies": [
            "google_service_account.tf_apply"
          ]
        },
        {
          "index_key": "fairwins-etherscan-api-key",
          "schema_version": 0,
          "attributes": {
            "condition": [],
            "etag": "BwZZGiqObsg=",
            "id": "projects/chippr-bots-site-wp/secrets/fairwins-etherscan-api-key/roles/secretmanager.admin/serviceAccount:fairwins-tf-apply@chippr-bots-site-wp.iam.gserviceaccount.com",
            "member": "serviceAccount:fairwins-tf-apply@chippr-bots-site-wp.iam.gserviceaccount.com",
            "project": "chippr-bots-site-wp",
            "role": "roles/secretmanager.admin",
            "secret_id": "projects/chippr-bots-site-wp/secrets/fairwins-etherscan-api-key"
          },
          "sensitive_attributes": [],
          "identity_schema_version": 1,
          "identity": {
            "condition_title": null,
            "member": "serviceAccount:fairwins-tf-apply@chippr-bots-site-wp.iam.gserviceaccount.com",
            "project": "chippr-bots-site-wp",
            "role": "roles/secretmanager.admin",
            "secret_id": "projects/chippr-bots-site-wp/secrets/fairwins-etherscan-api-key"
          },
          "private": "bnVsbA==",
          "dependencies": [
            "google_service_account.tf_apply"
          ]
        },
        {
          "index_key": "fairwins-floppy-keystore-password",
          "schema_version": 0,
          "attributes": {
            "condition": [],
            "etag": "BwZZGiqNEHg=",
            "id": "projects/chippr-bots-site-wp/secrets/fairwins-floppy-keystore-password/roles/secretmanager.admin/serviceAccount:fairwins-tf-apply@chippr-bots-site-wp.iam.gserviceaccount.com",
            "member": "serviceAccount:fairwins-tf-apply@chippr-bots-site-wp.iam.gserviceaccount.com",
            "project": "chippr-bots-site-wp",
            "role": "roles/secretmanager.admin",
            "secret_id": "projects/chippr-bots-site-wp/secrets/fairwins-floppy-keystore-password"
          },
          "sensitive_attributes": [],
          "identity_schema_version": 1,
          "identity": {
            "condition_title": null,
            "member": "serviceAccount:fairwins-tf-apply@chippr-bots-site-wp.iam.gserviceaccount.com",
            "project": "chippr-bots-site-wp",
            "role": "roles/secretmanager.admin",
            "secret_id": "projects/chippr-bots-site-wp/secrets/fairwins-floppy-keystore-password"
          },
          "private": "bnVsbA==",
          "dependencies": [
            "google_service_account.tf_apply"
          ]
        },
        {
          "index_key": "fairwins-floppy-mordor-password",
          "schema_version": 0,
          "attributes": {
            "condition": [],
            "etag": "BwZZGirV0RM=",
            "id": "projects/chippr-bots-site-wp/secrets/fairwins-floppy-mordor-password/roles/secretmanager.admin/serviceAccount:fairwins-tf-apply@chippr-bots-site-wp.iam.gserviceaccount.com",
            "member": "serviceAccount:fairwins-tf-apply@chippr-bots-site-wp.iam.gserviceaccount.com",
            "project": "chippr-bots-site-wp",
            "role": "roles/secretmanager.admin",
            "secret_id": "projects/chippr-bots-site-wp/secrets/fairwins-floppy-mordor-password"
          },
          "sensitive_attributes": [],
          "identity_schema_version": 1,
          "identity": {
            "condition_title": null,
            "member": "serviceAccount:fairwins-tf-apply@chippr-bots-site-wp.iam.gserviceaccount.com",
            "project": "chippr-bots-site-wp",
            "role": "roles/secretmanager.admin",
            "secret_id": "projects/chippr-bots-site-wp/secrets/fairwins-floppy-mordor-password"
          },
          "private": "bnVsbA==",
          "dependencies": [
            "google_service_account.tf_apply"
          ]
        },
        {
          "index_key": "fairwins-floppy-nazgul-prime-password",
          "schema_version": 0,
          "attributes": {
            "condition": [],
            "etag": "BwZZGirH56c=",
            "id": "projects/chippr-bots-site-wp/secrets/fairwins-floppy-nazgul-prime-password/roles/secretmanager.admin/serviceAccount:fairwins-tf-apply@chippr-bots-site-wp.iam.gserviceaccount.com",
            "member": "serviceAccount:fairwins-tf-apply@chippr-bots-site-wp.iam.gserviceaccount.com",
            "project": "chippr-bots-site-wp",
            "role": "roles/secretmanager.admin",
            "secret_id": "projects/chippr-bots-site-wp/secrets/fairwins-floppy-nazgul-prime-password"
          },
          "sensitive_attributes": [],
          "identity_schema_version": 1,
          "identity": {
            "condition_title": null,
            "member": "serviceAccount:fairwins-tf-apply@chippr-bots-site-wp.iam.gserviceaccount.com",
            "project": "chippr-bots-site-wp",
            "role": "roles/secretmanager.admin",
            "secret_id": "projects/chippr-bots-site-wp/secrets/fairwins-floppy-nazgul-prime-password"
          },
          "private": "bnVsbA==",
          "dependencies": [
            "google_service_account.tf_apply"
          ]
        },
        {
          "index_key": "fairwins-graph-api-key",
          "schema_version": 0,
          "attributes": {
            "condition": [],
            "etag": "BwZZGiqNOpc=",
            "id": "projects/chippr-bots-site-wp/secrets/fairwins-graph-api-key/roles/secretmanager.admin/serviceAccount:fairwins-tf-apply@chippr-bots-site-wp.iam.gserviceaccount.com",
            "member": "serviceAccount:fairwins-tf-apply@chippr-bots-site-wp.iam.gserviceaccount.com",
            "project": "chippr-bots-site-wp",
            "role": "roles/secretmanager.admin",
            "secret_id": "projects/chippr-bots-site-wp/secrets/fairwins-graph-api-key"
          },
          "sensitive_attributes": [],
          "identity_schema_version": 1,
          "identity": {
            "condition_title": null,
            "member": "serviceAccount:fairwins-tf-apply@chippr-bots-site-wp.iam.gserviceaccount.com",
            "project": "chippr-bots-site-wp",
            "role": "roles/secretmanager.admin",
            "secret_id": "projects/chippr-bots-site-wp/secrets/fairwins-graph-api-key"
          },
          "private": "bnVsbA==",
          "dependencies": [
            "google_service_account.tf_apply"
          ]
        },
        {
          "index_key": "fairwins-graph-deploy-key",
          "schema_version": 0,
          "attributes": {
            "condition": [],
            "etag": "BwZZGiqNERc=",
            "id": "projects/chippr-bots-site-wp/secrets/fairwins-graph-deploy-key/roles/secretmanager.admin/serviceAccount:fairwins-tf-apply@chippr-bots-site-wp.iam.gserviceaccount.com",
            "member": "serviceAccount:fairwins-tf-apply@chippr-bots-site-wp.iam.gserviceaccount.com",
            "project": "chippr-bots-site-wp",
            "role": "roles/secretmanager.admin",
            "secret_id": "projects/chippr-bots-site-wp/secrets/fairwins-graph-deploy-key"
          },
          "sensitive_attributes": [],
          "identity_schema_version": 1,
          "identity": {
            "condition_title": null,
            "member": "serviceAccount:fairwins-tf-apply@chippr-bots-site-wp.iam.gserviceaccount.com",
            "project": "chippr-bots-site-wp",
            "role": "roles/secretmanager.admin",
            "secret_id": "projects/chippr-bots-site-wp/secrets/fairwins-graph-deploy-key"
          },
          "private": "bnVsbA==",
          "dependencies": [
            "google_service_account.tf_apply"
          ]
        },
        {
          "index_key": "fairwins-pinata-jwt",
          "schema_version": 0,
          "attributes": {
            "condition": [],
            "etag": "BwZZGiqNCDo=",
            "id": "projects/chippr-bots-site-wp/secrets/fairwins-pinata-jwt/roles/secretmanager.admin/serviceAccount:fairwins-tf-apply@chippr-bots-site-wp.iam.gserviceaccount.com",
            "member": "serviceAccount:fairwins-tf-apply@chippr-bots-site-wp.iam.gserviceaccount.com",
            "project": "chippr-bots-site-wp",
            "role": "roles/secretmanager.admin",
            "secret_id": "projects/chippr-bots-site-wp/secrets/fairwins-pinata-jwt"
          },
          "sensitive_attributes": [],
          "identity_schema_version": 1,
          "identity": {
            "condition_title": null,
            "member": "serviceAccount:fairwins-tf-apply@chippr-bots-site-wp.iam.gserviceaccount.com",
            "project": "chippr-bots-site-wp",
            "role": "roles/secretmanager.admin",
            "secret_id": "projects/chippr-bots-site-wp/secrets/fairwins-pinata-jwt"
          },
          "private": "bnVsbA==",
          "dependencies": [
            "google_service_account.tf_apply"
          ]
        },
        {
          "index_key": "fairwins-quicknode-polygon-token",
          "schema_version": 0,
          "attributes": {
            "condition": [],
            "etag": "BwZZGirUH7w=",
            "id": "projects/chippr-bots-site-wp/secrets/fairwins-quicknode-polygon-token/roles/secretmanager.admin/serviceAccount:fairwins-tf-apply@chippr-bots-site-wp.iam.gserviceaccount.com",
            "member": "serviceAccount:fairwins-tf-apply@chippr-bots-site-wp.iam.gserviceaccount.com",
            "project": "chippr-bots-site-wp",
            "role": "roles/secretmanager.admin",
            "secret_id": "projects/chippr-bots-site-wp/secrets/fairwins-quicknode-polygon-token"
          },
          "sensitive_attributes": [],
          "identity_schema_version": 1,
          "identity": {
            "condition_title": null,
            "member": "serviceAccount:fairwins-tf-apply@chippr-bots-site-wp.iam.gserviceaccount.com",
            "project": "chippr-bots-site-wp",
            "role": "roles/secretmanager.admin",
            "secret_id": "projects/chippr-bots-site-wp/secrets/fairwins-quicknode-polygon-token"
          },
          "private": "bnVsbA==",
          "dependencies": [
            "google_service_account.tf_apply"
          ]
        },
        {
          "index_key": "fairwins-quicknode-polygon-url",
          "schema_version": 0,
          "attributes": {
            "condition": [],
            "etag": "BwZZGiqL+iE=",
            "id": "projects/chippr-bots-site-wp/secrets/fairwins-quicknode-polygon-url/roles/secretmanager.admin/serviceAccount:fairwins-tf-apply@chippr-bots-site-wp.iam.gserviceaccount.com",
            "member": "serviceAccount:fairwins-tf-apply@chippr-bots-site-wp.iam.gserviceaccount.com",
            "project": "chippr-bots-site-wp",
            "role": "roles/secretmanager.admin",
            "secret_id": "projects/chippr-bots-site-wp/secrets/fairwins-quicknode-polygon-url"
          },
          "sensitive_attributes": [],
          "identity_schema_version": 1,
          "identity": {
            "condition_title": null,
            "member": "serviceAccount:fairwins-tf-apply@chippr-bots-site-wp.iam.gserviceaccount.com",
            "project": "chippr-bots-site-wp",
            "role": "roles/secretmanager.admin",
            "secret_id": "projects/chippr-bots-site-wp/secrets/fairwins-quicknode-polygon-url"
          },
          "private": "bnVsbA==",
          "dependencies": [
            "google_service_account.tf_apply"
          ]
        },
        {
          "index_key": "fairwins-seed-player-keys",
          "schema_version": 0,
          "attributes": {
            "condition": [],
            "etag": "BwZZGirQ3GM=",
            "id": "projects/chippr-bots-site-wp/secrets/fairwins-seed-player-keys/roles/secretmanager.admin/serviceAccount:fairwins-tf-apply@chippr-bots-site-wp.iam.gserviceaccount.com",
            "member": "serviceAccount:fairwins-tf-apply@chippr-bots-site-wp.iam.gserviceaccount.com",
            "project": "chippr-bots-site-wp",
            "role": "roles/secretmanager.admin",
            "secret_id": "projects/chippr-bots-site-wp/secrets/fairwins-seed-player-keys"
          },
          "sensitive_attributes": [],
          "identity_schema_version": 1,
          "identity": {
            "condition_title": null,
            "member": "serviceAccount:fairwins-tf-apply@chippr-bots-site-wp.iam.gserviceaccount.com",
            "project": "chippr-bots-site-wp",
            "role": "roles/secretmanager.admin",
            "secret_id": "projects/chippr-bots-site-wp/secrets/fairwins-seed-player-keys"
          },
          "private": "bnVsbA==",
          "dependencies": [
            "google_service_account.tf_apply"
          ]
        },
        {
          "index_key": "origin-lock-secret",
          "schema_version": 0,
          "attributes": {
            "condition": [],
            "etag": "BwZZGimAox4=",
            "id": "projects/chippr-bots-site-wp/secrets/origin-lock-secret/roles/secretmanager.admin/serviceAccount:fairwins-tf-apply@chippr-bots-site-wp.iam.gserviceaccount.com",
            "member": "serviceAccount:fairwins-tf-apply@chippr-bots-site-wp.iam.gserviceaccount.com",
            "project": "chippr-bots-site-wp",
            "role": "roles/secretmanager.admin",
            "secret_id": "projects/chippr-bots-site-wp/secrets/origin-lock-secret"
          },
          "sensitive_attributes": [],
          "identity_schema_version": 1,
          "identity": {
            "condition_title": null,
            "member": "serviceAccount:fairwins-tf-apply@chippr-bots-site-wp.iam.gserviceaccount.com",
            "project": "chippr-bots-site-wp",
            "role": "roles/secretmanager.admin",
            "secret_id": "projects/chippr-bots-site-wp/secrets/origin-lock-secret"
          },
          "private": "bnVsbA==",
          "dependencies": [
            "google_service_account.tf_apply"
          ]
        },
        {
          "index_key": "relay-engine-api-key",
          "schema_version": 0,
          "attributes": {
            "condition": [],
            "etag": "BwZZGik4JKY=",
            "id": "projects/chippr-bots-site-wp/secrets/relay-engine-api-key/roles/secretmanager.admin/serviceAccount:fairwins-tf-apply@chippr-bots-site-wp.iam.gserviceaccount.com",
            "member": "serviceAccount:fairwins-tf-apply@chippr-bots-site-wp.iam.gserviceaccount.com",
            "project": "chippr-bots-site-wp",
            "role": "roles/secretmanager.admin",
            "secret_id": "projects/chippr-bots-site-wp/secrets/relay-engine-api-key"
          },
          "sensitive_attributes": [],
          "identity_schema_version": 1,
          "identity": {
            "condition_title": null,
            "member": "serviceAccount:fairwins-tf-apply@chippr-bots-site-wp.iam.gserviceaccount.com",
            "project": "chippr-bots-site-wp",
            "role": "roles/secretmanager.admin",
            "secret_id": "projects/chippr-bots-site-wp/secrets/relay-engine-api-key"
          },
          "private": "bnVsbA==",
          "dependencies": [
            "google_service_account.tf_apply"
          ]
        },
        {
          "index_key": "relay-webhook-secret",
          "schema_version": 0,
          "attributes": {
            "condition": [],
            "etag": "BwZZGik4XMM=",
            "id": "projects/chippr-bots-site-wp/secrets/relay-webhook-secret/roles/secretmanager.admin/serviceAccount:fairwins-tf-apply@chippr-bots-site-wp.iam.gserviceaccount.com",
            "member": "serviceAccount:fairwins-tf-apply@chippr-bots-site-wp.iam.gserviceaccount.com",
            "project": "chippr-bots-site-wp",
            "role": "roles/secretmanager.admin",
            "secret_id": "projects/chippr-bots-site-wp/secrets/relay-webhook-secret"
          },
          "sensitive_attributes": [],
          "identity_schema_version": 1,
          "identity": {
            "condition_title": null,
            "member": "serviceAccount:fairwins-tf-apply@chippr-bots-site-wp.iam.gserviceaccount.com",
            "project": "chippr-bots-site-wp",
            "role": "roles/secretmanager.admin",
            "secret_id": "projects/chippr-bots-site-wp/secrets/relay-webhook-secret"
          },
          "private": "bnVsbA==",
          "dependencies": [
            "google_service_account.tf_apply"
          ]
        }
      ]
    },
    {
      "mode": "managed",
      "type": "google_service_account",
      "name": "android_signing",
      "provider": "provider[\"registry.terraform.io/hashicorp/google\"]",
      "instances": [
        {
          "schema_version": 0,
          "attributes": {
            "account_id": "fairwins-android-signing",
            "create_ignore_already_exists": null,
            "deletion_policy": "DELETE",
            "description": "Reads the Play upload keystore + password at release time. Signing only; no project role. Spec 103 / #1378 H2.",
            "disabled": false,
            "display_name": "FairWins Android upload-key reader",
            "email": "fairwins-android-signing@chippr-bots-site-wp.iam.gserviceaccount.com",
            "id": "projects/chippr-bots-site-wp/serviceAccounts/fairwins-android-signing@chippr-bots-site-wp.iam.gserviceaccount.com",
            "member": "serviceAccount:fairwins-android-signing@chippr-bots-site-wp.iam.gserviceaccount.com",
            "name": "projects/chippr-bots-site-wp/serviceAccounts/fairwins-android-signing@chippr-bots-site-wp.iam.gserviceaccount.com",
            "project": "chippr-bots-site-wp",
            "timeouts": null,
            "unique_id": "113545998633304555611"
          },
          "sensitive_attributes": [],
          "identity_schema_version": 1,
          "identity": {
            "email": "fairwins-android-signing@chippr-bots-site-wp.iam.gserviceaccount.com",
            "project": "chippr-bots-site-wp"
          },
          "private": "eyJlMmJmYjczMC1lY2FhLTExZTYtOGY4OC0zNDM2M2JjN2M0YzAiOnsiY3JlYXRlIjozMDAwMDAwMDAwMDB9fQ=="
        }
      ]
    },
    {
      "mode": "managed",
      "type": "google_service_account",
      "name": "run_noperm",
      "provider": "provider[\"registry.terraform.io/hashicorp/google\"]",
      "instances": [
        {
          "schema_version": 0,
          "attributes": {
            "account_id": "fairwins-run-noperm",
            "create_ignore_already_exists": null,
            "deletion_policy": "DELETE",
            "description": "Runtime identity for Cloud Run services that need no GCP access. Holds no role, deliberately. Spec 087.",
            "disabled": false,
            "display_name": "FairWins Cloud Run — no permissions",
            "email": "fairwins-run-noperm@chippr-bots-site-wp.iam.gserviceaccount.com",
            "id": "projects/chippr-bots-site-wp/serviceAccounts/fairwins-run-noperm@chippr-bots-site-wp.iam.gserviceaccount.com",
            "member": "serviceAccount:fairwins-run-noperm@chippr-bots-site-wp.iam.gserviceaccount.com",
            "name": "projects/chippr-bots-site-wp/serviceAccounts/fairwins-run-noperm@chippr-bots-site-wp.iam.gserviceaccount.com",
            "project": "chippr-bots-site-wp",
            "timeouts": null,
            "unique_id": "104833920214051347811"
          },
          "sensitive_attributes": [],
          "identity_schema_version": 1,
          "identity": {
            "email": "fairwins-run-noperm@chippr-bots-site-wp.iam.gserviceaccount.com",
            "project": "chippr-bots-site-wp"
          },
          "private": "eyJlMmJmYjczMC1lY2FhLTExZTYtOGY4OC0zNDM2M2JjN2M0YzAiOnsiY3JlYXRlIjozMDAwMDAwMDAwMDB9fQ=="
        }
      ]
    },
    {
      "mode": "managed",
      "type": "google_service_account",
      "name": "tf_apply",
      "provider": "provider[\"registry.terraform.io/hashicorp/google\"]",
      "instances": [
        {
          "schema_version": 0,
          "attributes": {
            "account_id": "fairwins-tf-apply",
            "create_ignore_already_exists": null,
            "deletion_policy": "DELETE",
            "description": "Applies reviewed plans on merge to main. Cannot destroy irreplaceable resources. Spec 085.",
            "disabled": false,
            "display_name": "FairWins Terraform apply",
            "email": "fairwins-tf-apply@chippr-bots-site-wp.iam.gserviceaccount.com",
            "id": "projects/chippr-bots-site-wp/serviceAccounts/fairwins-tf-apply@chippr-bots-site-wp.iam.gserviceaccount.com",
            "member": "serviceAccount:fairwins-tf-apply@chippr-bots-site-wp.iam.gserviceaccount.com",
            "name": "projects/chippr-bots-site-wp/serviceAccounts/fairwins-tf-apply@chippr-bots-site-wp.iam.gserviceaccount.com",
            "project": "chippr-bots-site-wp",
            "timeouts": null,
            "unique_id": "107617758813330726644"
          },
          "sensitive_attributes": [],
          "identity_schema_version": 1,
          "identity": {
            "email": "fairwins-tf-apply@chippr-bots-site-wp.iam.gserviceaccount.com",
            "project": "chippr-bots-site-wp"
          },
          "private": "eyJlMmJmYjczMC1lY2FhLTExZTYtOGY4OC0zNDM2M2JjN2M0YzAiOnsiY3JlYXRlIjozMDAwMDAwMDAwMDB9fQ=="
        }
      ]
    },
    {
      "mode": "managed",
      "type": "google_service_account",
      "name": "tf_plan",
      "provider": "provider[\"registry.terraform.io/hashicorp/google\"]",
      "instances": [
        {
          "schema_version": 0,
          "attributes": {
            "account_id": "fairwins-tf-plan",
            "create_ignore_already_exists": null,
            "deletion_policy": "DELETE",
            "description": "Pull-request plans. Read-only; holds no mutating permission. Spec 085.",
            "disabled": false,
            "display_name": "FairWins Terraform plan (read-only)",
            "email": "fairwins-tf-plan@chippr-bots-site-wp.iam.gserviceaccount.com",
            "id": "projects/chippr-bots-site-wp/serviceAccounts/fairwins-tf-plan@chippr-bots-site-wp.iam.gserviceaccount.com",
            "member": "serviceAccount:fairwins-tf-plan@chippr-bots-site-wp.iam.gserviceaccount.com",
            "name": "projects/chippr-bots-site-wp/serviceAccounts/fairwins-tf-plan@chippr-bots-site-wp.iam.gserviceaccount.com",
            "project": "chippr-bots-site-wp",
            "timeouts": null,
            "unique_id": "102268756224883136693"
          },
          "sensitive_attributes": [],
          "identity_schema_version": 1,
          "identity": {
            "email": "fairwins-tf-plan@chippr-bots-site-wp.iam.gserviceaccount.com",
            "project": "chippr-bots-site-wp"
          },
          "private": "eyJlMmJmYjczMC1lY2FhLTExZTYtOGY4OC0zNDM2M2JjN2M0YzAiOnsiY3JlYXRlIjozMDAwMDAwMDAwMDB9fQ=="
        }
      ]
    },
    {
      "mode": "managed",
      "type": "google_service_account_iam_member",
      "name": "android_signing_wif",
      "provider": "provider[\"registry.terraform.io/hashicorp/google\"]",
      "instances": [
        {
          "schema_version": 0,
          "attributes": {
            "condition": [],
            "etag": "BwZa/5eiNQo=",
            "id": "projects/chippr-bots-site-wp/serviceAccounts/fairwins-android-signing@chippr-bots-site-wp.iam.gserviceaccount.com/roles/iam.workloadIdentityUser/principalSet://iam.googleapis.com/projects/266380754692/locations/global/workloadIdentityPools/github-actions/attribute.ref/refs/heads/main",
            "member": "principalSet://iam.googleapis.com/projects/266380754692/locations/global/workloadIdentityPools/github-actions/attribute.ref/refs/heads/main",
            "role": "roles/iam.workloadIdentityUser",
            "service_account_id": "projects/chippr-bots-site-wp/serviceAccounts/fairwins-android-signing@chippr-bots-site-wp.iam.gserviceaccount.com"
          },
          "sensitive_attributes": [],
          "identity_schema_version": 1,
          "identity": {
            "condition_title": null,
            "member": "principalSet://iam.googleapis.com/projects/266380754692/locations/global/workloadIdentityPools/github-actions/attribute.ref/refs/heads/main",
            "role": "roles/iam.workloadIdentityUser",
            "service_account_id": "projects/chippr-bots-site-wp/serviceAccounts/fairwins-android-signing@chippr-bots-site-wp.iam.gserviceaccount.com"
          },
          "private": "bnVsbA==",
          "dependencies": [
            "google_iam_workload_identity_pool.github",
            "google_service_account.android_signing"
          ]
        }
      ]
    },
    {
      "mode": "managed",
      "type": "google_service_account_iam_member",
      "name": "tf_apply_act_as",
      "provider": "provider[\"registry.terraform.io/hashicorp/google\"]",
      "instances": [
        {
          "index_key": "fairwins-bundler@chippr-bots-site-wp.iam.gserviceaccount.com",
          "schema_version": 0,
          "attributes": {
            "condition": [],
            "etag": "BwZZGbiZ/bM=",
            "id": "projects/chippr-bots-site-wp/serviceAccounts/fairwins-bundler@chippr-bots-site-wp.iam.gserviceaccount.com/roles/iam.serviceAccountUser/serviceAccount:fairwins-tf-apply@chippr-bots-site-wp.iam.gserviceaccount.com",
            "member": "serviceAccount:fairwins-tf-apply@chippr-bots-site-wp.iam.gserviceaccount.com",
            "role": "roles/iam.serviceAccountUser",
            "service_account_id": "projects/chippr-bots-site-wp/serviceAccounts/fairwins-bundler@chippr-bots-site-wp.iam.gserviceaccount.com"
          },
          "sensitive_attributes": [],
          "identity_schema_version": 1,
          "identity": {
            "condition_title": null,
            "member": "serviceAccount:fairwins-tf-apply@chippr-bots-site-wp.iam.gserviceaccount.com",
            "role": "roles/iam.serviceAccountUser",
            "service_account_id": "projects/chippr-bots-site-wp/serviceAccounts/fairwins-bundler@chippr-bots-site-wp.iam.gserviceaccount.com"
          },
          "private": "bnVsbA==",
          "dependencies": [
            "google_service_account.tf_apply"
          ]
        },
        {
          "index_key": "fairwins-relay-engine@chippr-bots-site-wp.iam.gserviceaccount.com",
          "schema_version": 0,
          "attributes": {
            "condition": [],
            "etag": "BwZZGbiaS7s=",
            "id": "projects/chippr-bots-site-wp/serviceAccounts/fairwins-relay-engine@chippr-bots-site-wp.iam.gserviceaccount.com/roles/iam.serviceAccountUser/serviceAccount:fairwins-tf-apply@chippr-bots-site-wp.iam.gserviceaccount.com",
            "member": "serviceAccount:fairwins-tf-apply@chippr-bots-site-wp.iam.gserviceaccount.com",
            "role": "roles/iam.serviceAccountUser",
            "service_account_id": "projects/chippr-bots-site-wp/serviceAccounts/fairwins-relay-engine@chippr-bots-site-wp.iam.gserviceaccount.com"
          },
          "sensitive_attributes": [],
          "identity_schema_version": 1,
          "identity": {
            "condition_title": null,
            "member": "serviceAccount:fairwins-tf-apply@chippr-bots-site-wp.iam.gserviceaccount.com",
            "role": "roles/iam.serviceAccountUser",
            "service_account_id": "projects/chippr-bots-site-wp/serviceAccounts/fairwins-relay-engine@chippr-bots-site-wp.iam.gserviceaccount.com"
          },
          "private": "bnVsbA==",
          "dependencies": [
            "google_service_account.tf_apply"
          ]
        }
      ]
    },
    {
      "mode": "managed",
      "type": "google_service_account_iam_member",
      "name": "tf_apply_act_as_run_noperm",
      "provider": "provider[\"registry.terraform.io/hashicorp/google\"]",
      "instances": [
        {
          "schema_version": 0,
          "attributes": {
            "condition": [],
            "etag": "BwZbARTrDeo=",
            "id": "projects/chippr-bots-site-wp/serviceAccounts/fairwins-run-noperm@chippr-bots-site-wp.iam.gserviceaccount.com/roles/iam.serviceAccountUser/serviceAccount:fairwins-tf-apply@chippr-bots-site-wp.iam.gserviceaccount.com",
            "member": "serviceAccount:fairwins-tf-apply@chippr-bots-site-wp.iam.gserviceaccount.com",
            "role": "roles/iam.serviceAccountUser",
            "service_account_id": "projects/chippr-bots-site-wp/serviceAccounts/fairwins-run-noperm@chippr-bots-site-wp.iam.gserviceaccount.com"
          },
          "sensitive_attributes": [],
          "identity_schema_version": 1,
          "identity": {
            "condition_title": null,
            "member": "serviceAccount:fairwins-tf-apply@chippr-bots-site-wp.iam.gserviceaccount.com",
            "role": "roles/iam.serviceAccountUser",
            "service_account_id": "projects/chippr-bots-site-wp/serviceAccounts/fairwins-run-noperm@chippr-bots-site-wp.iam.gserviceaccount.com"
          },
          "private": "bnVsbA==",
          "dependencies": [
            "google_service_account.run_noperm",
            "google_service_account.tf_apply"
          ]
        }
      ]
    },
    {
      "mode": "managed",
      "type": "google_service_account_iam_member",
      "name": "tf_apply_wif",
      "provider": "provider[\"registry.terraform.io/hashicorp/google\"]",
      "instances": [
        {
          "schema_version": 0,
          "attributes": {
            "condition": [],
            "etag": "BwZaEf283KQ=",
            "id": "projects/chippr-bots-site-wp/serviceAccounts/fairwins-tf-apply@chippr-bots-site-wp.iam.gserviceaccount.com/roles/iam.workloadIdentityUser/principalSet://iam.googleapis.com/projects/266380754692/locations/global/workloadIdentityPools/github-actions/attribute.ref/refs/heads/main",
            "member": "principalSet://iam.googleapis.com/projects/266380754692/locations/global/workloadIdentityPools/github-actions/attribute.ref/refs/heads/main",
            "role": "roles/iam.workloadIdentityUser",
            "service_account_id": "projects/chippr-bots-site-wp/serviceAccounts/fairwins-tf-apply@chippr-bots-site-wp.iam.gserviceaccount.com"
          },
          "sensitive_attributes": [],
          "identity_schema_version": 1,
          "identity": {
            "condition_title": null,
            "member": "principalSet://iam.googleapis.com/projects/266380754692/locations/global/workloadIdentityPools/github-actions/attribute.ref/refs/heads/main",
            "role": "roles/iam.workloadIdentityUser",
            "service_account_id": "projects/chippr-bots-site-wp/serviceAccounts/fairwins-tf-apply@chippr-bots-site-wp.iam.gserviceaccount.com"
          },
          "private": "bnVsbA==",
          "dependencies": [
            "google_iam_workload_identity_pool.github",
            "google_service_account.tf_apply"
          ]
        }
      ]
    },
    {
      "mode": "managed",
      "type": "google_service_account_iam_member",
      "name": "tf_plan_wif",
      "provider": "provider[\"registry.terraform.io/hashicorp/google\"]",
      "instances": [
        {
          "schema_version": 0,
          "attributes": {
            "condition": [],
            "etag": "BwZaEf2ki/Q=",
            "id": "projects/chippr-bots-site-wp/serviceAccounts/fairwins-tf-plan@chippr-bots-site-wp.iam.gserviceaccount.com/roles/iam.workloadIdentityUser/principalSet://iam.googleapis.com/projects/266380754692/locations/global/workloadIdentityPools/github-actions/attribute.repository/chippr-robotics/prediction-dao-research",
            "member": "principalSet://iam.googleapis.com/projects/266380754692/locations/global/workloadIdentityPools/github-actions/attribute.repository/chippr-robotics/prediction-dao-research",
            "role": "roles/iam.workloadIdentityUser",
            "service_account_id": "projects/chippr-bots-site-wp/serviceAccounts/fairwins-tf-plan@chippr-bots-site-wp.iam.gserviceaccount.com"
          },
          "sensitive_attributes": [],
          "identity_schema_version": 1,
          "identity": {
            "condition_title": null,
            "member": "principalSet://iam.googleapis.com/projects/266380754692/locations/global/workloadIdentityPools/github-actions/attribute.repository/chippr-robotics/prediction-dao-research",
            "role": "roles/iam.workloadIdentityUser",
            "service_account_id": "projects/chippr-bots-site-wp/serviceAccounts/fairwins-tf-plan@chippr-bots-site-wp.iam.gserviceaccount.com"
          },
          "private": "bnVsbA==",
          "dependencies": [
            "google_iam_workload_identity_pool.github",
            "google_service_account.tf_plan"
          ]
        }
      ]
    },
    {
      "mode": "managed",
      "type": "google_storage_bucket",
      "name": "tfstate",
      "provider": "provider[\"registry.terraform.io/hashicorp/google\"]",
      "instances": [
        {
          "schema_version": 4,
          "attributes": {
            "autoclass": [],
            "cors": [],
            "custom_placement_config": [],
            "default_event_based_hold": false,
            "deletion_policy": "DELETE",
            "effective_labels": {
              "goog-terraform-provisioned": "true"
            },
            "enable_object_retention": false,
            "encryption": [],
            "force_destroy": false,
            "hierarchical_namespace": [
              {
                "enabled": false
              }
            ],
            "id": "fairwins-tfstate-chippr-bots-site-wp",
            "ip_filter": [],
            "labels": {},
            "lifecycle_rule": [
              {
                "action": [
                  {
                    "storage_class": "",
                    "type": "Delete"
                  }
                ],
                "condition": [
                  {
                    "age": 0,
                    "created_before": "",
                    "custom_time_before": "",
                    "days_since_custom_time": 0,
                    "days_since_noncurrent_time": 0,
                    "matches_prefix": [],
                    "matches_storage_class": [],
                    "matches_suffix": [],
                    "noncurrent_time_before": "",
                    "num_newer_versions": 30,
                    "send_age_if_zero": false,
                    "send_days_since_custom_time_if_zero": false,
                    "send_days_since_noncurrent_time_if_zero": false,
                    "send_num_newer_versions_if_zero": false,
                    "size_above_bytes": 0,
                    "size_below_bytes": 0,
                    "with_state": "ANY"
                  }
                ]
              }
            ],
            "location": "US-CENTRAL1",
            "logging": [],
            "name": "fairwins-tfstate-chippr-bots-site-wp",
            "project": "chippr-bots-site-wp",
            "project_number": 266380754692,
            "public_access_prevention": "enforced",
            "requester_pays": false,
            "retention_policy": [],
            "rpo": null,
            "self_link": "https://www.googleapis.com/storage/v1/b/fairwins-tfstate-chippr-bots-site-wp",
            "soft_delete_policy": [
              {
                "effective_time": "2026-08-15T18:00:54.352Z",
                "retention_duration_seconds": 604800
              }
            ],
            "storage_class": "STANDARD",
            "terraform_labels": {
              "goog-terraform-provisioned": "true"
            },
            "time_created": "2026-08-15T18:00:54.352Z",
            "timeouts": null,
            "uniform_bucket_level_access": true,
            "updated": "2026-08-15T18:01:10.550Z",
            "url": "gs://fairwins-tfstate-chippr-bots-site-wp",
            "versioning": [
              {
                "enabled": true
              }
            ],
            "website": []
          },
          "sensitive_attributes": [],
          "identity_schema_version": 1,
          "identity": {
            "name": "fairwins-tfstate-chippr-bots-site-wp",
            "project": "chippr-bots-site-wp"
          },
          "private": "eyJlMmJmYjczMC1lY2FhLTExZTYtOGY4OC0zNDM2M2JjN2M0YzAiOnsiY3JlYXRlIjo2MDAwMDAwMDAwMDAsInJlYWQiOjI0MDAwMDAwMDAwMCwidXBkYXRlIjoyNDAwMDAwMDAwMDB9LCJzY2hlbWFfdmVyc2lvbiI6IjQifQ=="
        }
      ]
    },
    {
      "mode": "managed",
      "type": "google_storage_bucket_iam_member",
      "name": "tf_apply_state",
      "provider": "provider[\"registry.terraform.io/hashicorp/google\"]",
      "instances": [
        {
          "schema_version": 0,
          "attributes": {
            "bucket": "b/fairwins-tfstate-chippr-bots-site-wp",
            "condition": [],
            "etag": "CAM=",
            "id": "b/fairwins-tfstate-chippr-bots-site-wp/roles/storage.objectUser/serviceAccount:fairwins-tf-apply@chippr-bots-site-wp.iam.gserviceaccount.com",
            "member": "serviceAccount:fairwins-tf-apply@chippr-bots-site-wp.iam.gserviceaccount.com",
            "role": "roles/storage.objectUser",
            "timeouts": null
          },
          "sensitive_attributes": [],
          "identity_schema_version": 0,
          "private": "eyJlMmJmYjczMC1lY2FhLTExZTYtOGY4OC0zNDM2M2JjN2M0YzAiOnsiY3JlYXRlIjoxMjAwMDAwMDAwMDAwfX0=",
          "dependencies": [
            "google_service_account.tf_apply",
            "google_storage_bucket.tfstate"
          ]
        }
      ]
    },
    {
      "mode": "managed",
      "type": "google_storage_bucket_iam_member",
      "name": "tf_plan_state",
      "provider": "provider[\"registry.terraform.io/hashicorp/google\"]",
      "instances": [
        {
          "schema_version": 0,
          "attributes": {
            "bucket": "b/fairwins-tfstate-chippr-bots-site-wp",
            "condition": [],
            "etag": "CAM=",
            "id": "b/fairwins-tfstate-chippr-bots-site-wp/roles/storage.objectUser/serviceAccount:fairwins-tf-plan@chippr-bots-site-wp.iam.gserviceaccount.com",
            "member": "serviceAccount:fairwins-tf-plan@chippr-bots-site-wp.iam.gserviceaccount.com",
            "role": "roles/storage.objectUser",
            "timeouts": null
          },
          "sensitive_attributes": [],
          "identity_schema_version": 0,
          "private": "eyJlMmJmYjczMC1lY2FhLTExZTYtOGY4OC0zNDM2M2JjN2M0YzAiOnsiY3JlYXRlIjoxMjAwMDAwMDAwMDAwfX0=",
          "dependencies": [
            "google_service_account.tf_plan",
            "google_storage_bucket.tfstate"
          ]
        }
      ]
    }
  ],
  "check_results": null
}
